
Microsoft Visual Studio Solution File, Format Version 12.00
# Visual Studio Version 16
VisualStudioVersion = 16.0.29102.190
MinimumVisualStudioVersion = 10.0.40219.1
Project("{FAE04EC0-301F-11D3-BF4B-00C04F79EFBC}") = "YLSaveFileEditor", "YLSaveFileEditor\YLSaveFileEditor.csproj", "{43E8B4EE-4D5C-4DB9-8EE6-6E97491FC49A}"
EndProject
Global
	GlobalSection(SolutionConfigurationPlatforms) = preSolution
		Debug|Any CPU = Debug|Any CPU
		Release|Any CPU = Release|Any CPU
	EndGlobalSection
	GlobalSection(ProjectConfigurationPlatforms) = postSolution
		{43E8B4EE-4D5C-4DB9-8EE6-6E97491FC49A}.Debug|Any CPU.ActiveCfg = Debug|Any CPU
		{43E8B4EE-4D5C-4DB9-8EE6-6E97491FC49A}.Debug|Any CPU.Build.0 = Debug|Any CPU
		{43E8B4EE-4D5C-4DB9-8EE6-6E97491FC49A}.Release|Any CPU.ActiveCfg = Release|Any CPU
		{43E8B4EE-4D5C-4DB9-8EE6-6E97491FC49A}.Release|Any CPU.Build.0 = Release|Any CPU
	EndGlobalSection
	GlobalSection(SolutionProperties) = preSolution
		HideSolutionNode = FALSE
	EndGlobalSection
	GlobalSection(ExtensibilityGlobals) = postSolution
		SolutionGuid = {3EC04618-9DA8-4A14-9E1F-893A4A4CBD2A}
	EndGlobalSection
EndGlobal
